// !$*UTF8*$!
{
	archiveVersion = 1;
	classes = {
	};
	objectVersion = 46;
	objects = {

/* Begin PBXBuildFile section */
		3D5768ED1A11380200DC8688 /* AppDelegate.swift in Sources */ = {isa = PBXBuildFile; fileRef = 3D5768EC1A11380200DC8688 /* AppDelegate.swift */; };
		3D5768EF1A11380200DC8688 /* ViewController.swift in Sources */ = {isa = PBXBuildFile; fileRef = 3D5768EE1A11380200DC8688 /* ViewController.swift */; };
		3D5768F21A11380200DC8688 /* Main.storyboard in Resources */ = {isa = PBXBuildFile; fileRef = 3D5768F01A11380200DC8688 /* Main.storyboard */; };
		3D5768F41A11380200DC8688 /* Images.xcassets in Resources */ = {isa = PBXBuildFile; fileRef = 3D5768F31A11380200DC8688 /* Images.xcassets */; };
		3D5768F71A11380200DC8688 /* LaunchScreen.xib in Resources */ = {isa = PBXBuildFile; fileRef = 3D5768F51A11380200DC8688 /* LaunchScreen.xib */; };
		3D5769031A11380200DC8688 /* PostcardTests.swift in Sources */ = {isa = PBXBuildFile; fileRef = 3D5769021A11380200DC8688 /* PostcardTests.swift */; };
		3D57690D1A11570700DC8688 /* SagradaFamilia.jpeg in Resources */ = {isa = PBXBuildFile; fileRef = 3D57690C1A11570700DC8688 /* SagradaFamilia.jpeg */; };
		3D57690F1A115B6C00DC8688 /* AlbertEinsteinStamp.jpg in Resources */ = {isa = PBXBuildFile; fileRef = 3D57690E1A115B6C00DC8688 /* AlbertEinsteinStamp.jpg */; };
/* End PBXBuildFile section */

/* Begin PBXContainerItemProxy section */
		3D5768FD1A11380200DC8688 /* PBXContainerItemProxy */ = {
			isa = PBXContainerItemProxy;
			containerPortal = 3D5768DF1A11380200DC8688 /* Project object */;
			proxyType = 1;
			remoteGlobalIDString = 3D5768E61A11380200DC8688;
			remoteInfo = Postcard;
		};
/* End PBXContainerItemProxy section */

/* Begin PBXFileReference section */
		3D5768E71A11380200DC8688 /* Postcard.app */ = {isa = PBXFileReference; explicitFileType = wrapper.application; includeInIndex = 0; path = Postcard.app; sourceTree = BUILT_PRODUCTS_DIR; };
		3D5768EB1A11380200DC8688 /* Info.plist */ = {isa = PBXFileReference; lastKnownFileType = text.plist.xml; path = Info.plist; sourceTree = "<group>"; };
		3D5768EC1A11380200DC8688 /* AppDelegate.swift */ = {isa = PBXFileReference; lastKnownFileType = sourcecode.swift; path = AppDelegate.swift; sourceTree = "<group>"; };
		3D5768EE1A11380200DC8688 /* ViewController.swift */ = {isa = PBXFileReference; lastKnownFileType = sourcecode.swift; path = ViewController.swift; sourceTree = "<group>"; };
		3D5768F11A11380200DC8688 /* Base */ = {isa = PBXFileReference; lastKnownFileType = file.storyboard; name = Base; path = Base.lproj/Main.storyboard; sourceTree = "<group>"; };
		3D5768F31A11380200DC8688 /* Images.xcassets */ = {isa = PBXFileReference; lastKnownFileType = folder.assetcatalog; path = Images.xcassets; sourceTree = "<group>"; };
		3D5768F61A11380200DC8688 /* Base */ = {isa = PBXFileReference; lastKnownFileType = file.xib; name = Base; path = Base.lproj/LaunchScreen.xib; sourceTree = "<group>"; };
		3D5768FC1A11380200DC8688 /* PostcardTests.xctest */ = {isa = PBXFileReference; explicitFileType = wrapper.cfbundle; includeInIndex = 0; path = PostcardTests.xctest; sourceTree = BUILT_PRODUCTS_DIR; };
		3D5769011A11380200DC8688 /* Info.plist */ = {isa = PBXFileReference; lastKnownFileType = text.plist.xml; path = Info.plist; sourceTree = "<group>"; };
		3D5769021A11380200DC8688 /* PostcardTests.swift */ = {isa = PBXFileReference; lastKnownFileType = sourcecode.swift; path = PostcardTests.swift; sourceTree = "<group>"; };
		3D57690C1A11570700DC8688 /* SagradaFamilia.jpeg */ = {isa = PBXFileReference; lastKnownFileType = image.jpeg; path = SagradaFamilia.jpeg; sourceTree = "<group>"; };
		3D57690E1A115B6C00DC8688 /* AlbertEinsteinStamp.jpg */ = {isa = PBXFileReference; lastKnownFileType = image.jpeg; path = AlbertEinsteinStamp.jpg; sourceTree = "<group>"; };
/* End PBXFileReference section */

/* Begin PBXFrameworksBuildPhase section */
		3D5768E41A11380200DC8688 /* Frameworks */ = {
			isa = PBXFrameworksBuildPhase;
			buildActionMask = 2147483647;
			files = (
			);
			runOnlyForDeploymentPostprocessing = 0;
		};
		3D5768F91A11380200DC8688 /* Frameworks */ = {
			isa = PBXFrameworksBuildPhase;
			buildActionMask = 2147483647;
			files = (
			);
			runOnlyForDeploymentPostprocessing = 0;
		};
/* End PBXFrameworksBuildPhase section */

/* Begin PBXGroup section */
		3D5768DE1A11380200DC8688 = {
			isa = PBXGroup;
			children = (
				3D5768E91A11380200DC8688 /* Postcard */,
				3D5768FF1A11380200DC8688 /* PostcardTests */,
				3D5768E81A11380200DC8688 /* Products */,
			);
			sourceTree = "<group>";
		};
		3D5768E81A11380200DC8688 /* Products */ = {
			isa = PBXGroup;
			children = (
				3D5768E71A11380200DC8688 /* Postcard.app */,
				3D5768FC1A11380200DC8688 /* PostcardTests.xctest */,
			);
			name = Products;
			sourceTree = "<group>";
		};
		3D5768E91A11380200DC8688 /* Postcard */ = {
			isa = PBXGroup;
			children = (
				3D5768EC1A11380200DC8688 /* AppDelegate.swift */,
				3D5768EE1A11380200DC8688 /* ViewController.swift */,
				3D5768F01A11380200DC8688 /* Main.storyboard */,
				3D5768F31A11380200DC8688 /* Images.xcassets */,
				3D5768F51A11380200DC8688 /* LaunchScreen.xib */,
				3D5768EA1A11380200DC8688 /* Supporting Files */,
			);
			path = Postcard;
			sourceTree = "<group>";
		};
		3D5768EA1A11380200DC8688 /* Supporting Files */ = {
			isa = PBXGroup;
			children = (
				3D57690E1A115B6C00DC8688 /* AlbertEinsteinStamp.jpg */,
				3D57690C1A11570700DC8688 /* SagradaFamilia.jpeg */,
				3D5768EB1A11380200DC8688 /* Info.plist */,
			);
			name = "Supporting Files";
			sourceTree = "<group>";
		};
		3D5768FF1A11380200DC8688 /* PostcardTests */ = {
			isa = PBXGroup;
			children = (
				3D5769021A11380200DC8688 /* PostcardTests.swift */,
				3D5769001A11380200DC8688 /* Supporting Files */,
			);
			path = PostcardTests;
			sourceTree = "<group>";
		};
		3D5769001A11380200DC8688 /* Supporting Files */ = {
			isa = PBXGroup;
			children = (
				3D5769011A11380200DC8688 /* Info.plist */,
			);
			name = "Supporting Files";
			sourceTree = "<group>";
		};
/* End PBXGroup section */

/* Begin PBXNativeTarget section */
		3D5768E61A11380200DC8688 /* Postcard */ = {
			isa = PBXNativeTarget;
			buildConfigurationList = 3D5769061A11380200DC8688 /* Build configuration list for PBXNativeTarget "Postcard" */;
			buildPhases = (
				3D5768E31A11380200DC8688 /* Sources */,
				3D5768E41A11380200DC8688 /* Frameworks */,
				3D5768E51A11380200DC8688 /* Resources */,
			);
			buildRules = (
			);
			dependencies = (
			);
			name = Postcard;
			productName = Postcard;
			productReference = 3D5768E71A11380200DC8688 /* Postcard.app */;
			productType = "com.apple.product-type.application";
		};
		3D5768FB1A11380200DC8688 /* PostcardTests */ = {
			isa = PBXNativeTarget;
			buildConfigurationList = 3D5769091A11380200DC8688 /* Build configuration list for PBXNativeTarget "PostcardTests" */;
			buildPhases = (
				3D5768F81A11380200DC8688 /* Sources */,
				3D5768F91A11380200DC8688 /* Frameworks */,
				3D5768FA1A11380200DC8688 /* Resources */,
			);
			buildRules = (
			);
			dependencies = (
				3D5768FE1A11380200DC8688 /* PBXTargetDependency */,
			);
			name = PostcardTests;
			productName = PostcardTests;
			productReference = 3D5768FC1A11380200DC8688 /* PostcardTests.xctest */;
			productType = "com.apple.product-type.bundle.unit-test";
		};
/* End PBXNativeTarget section */

/* Begin PBXProject section */
		3D5768DF1A11380200DC8688 /* Project object */ = {
			isa = PBXProject;
			attributes = {
				LastUpgradeCheck = 0610;
				ORGANIZATIONNAME = WilliamMayor;
				TargetAttributes = {
					3D5768E61A11380200DC8688 = {
						CreatedOnToolsVersion = 6.1;
					};
					3D5768FB1A11380200DC8688 = {
						CreatedOnToolsVersion = 6.1;
						TestTargetID = 3D5768E61A11380200DC8688;
					};
				};
			};
			buildConfigurationList = 3D5768E21A11380200DC8688 /* Build configuration list for PBXProject "Postcard" */;
			compatibilityVersion = "Xcode 3.2";
			developmentRegion = English;
			hasScannedForEncodings = 0;
			knownRegions = (
				en,
				Base,
			);
			mainGroup = 3D5768DE1A11380200DC8688;
			productRefGroup = 3D5768E81A11380200DC8688 /* Products */;
			projectDirPath = "";
			projectRoot = "";
			targets = (
				3D5768E61A11380200DC8688 /* Postcard */,
				3D5768FB1A11380200DC8688 /* PostcardTests */,
			);
		};
/* End PBXProject section */

/* Begin PBXResourcesBuildPhase section */
		3D5768E51A11380200DC8688 /* Resources */ = {
			isa = PBXResourcesBuildPhase;
			buildActionMask = 2147483647;
			files = (
				3D5768F21A11380200DC8688 /* Main.storyboard in Resources */,
				3D57690D1A11570700DC8688 /* SagradaFamilia.jpeg in Resources */,
				3D57690F1A115B6C00DC8688 /* AlbertEinsteinStamp.jpg in Resources */,
				3D5768F71A11380200DC8688 /* LaunchScreen.xib in Resources */,
				3D5768F41A11380200DC8688 /* Images.xcassets in Resources */,
			);
			runOnlyForDeploymentPostprocessing = 0;
		};
		3D5768FA1A11380200DC8688 /* Resources */ = {
			isa = PBXResourcesBuildPhase;
			buildActionMask = 2147483647;
			files = (
			);
			runOnlyForDeploymentPostprocessing = 0;
		};
/* End PBXResourcesBuildPhase section */

/* Begin PBXSourcesBuildPhase section */
		3D5768E31A11380200DC8688 /* Sources */ = {
			isa = PBXSourcesBuildPhase;
			buildActionMask = 2147483647;
			files = (
				3D5768EF1A11380200DC8688 /* ViewController.swift in Sources */,
				3D5768ED1A11380200DC8688 /* AppDelegate.swift in Sources */,
			);
			runOnlyForDeploymentPostprocessing = 0;
		};
		3D5768F81A11380200DC8688 /* Sources */ = {
			isa = PBXSourcesBuildPhase;
			buildActionMask = 2147483647;
			files = (
				3D5769031A11380200DC8688 /* PostcardTests.swift in Sources */,
			);
			runOnlyForDeploymentPostprocessing = 0;
		};
/* End PBXSourcesBuildPhase section */

/* Begin PBXTargetDependency section */
		3D5768FE1A11380200DC8688 /* PBXTargetDependency */ = {
			isa = PBXTargetDependency;
			target = 3D5768E61A11380200DC8688 /* Postcard */;
			targetProxy = 3D5768FD1A11380200DC8688 /* PBXContainerItemProxy */;
		};
/* End PBXTargetDependency section */

/* Begin PBXVariantGroup section */
		3D5768F01A11380200DC8688 /* Main.storyboard */ = {
			isa = PBXVariantGroup;
			children = (
				3D5768F11A11380200DC8688 /* Base */,
			);
			name = Main.storyboard;
			sourceTree = "<group>";
		};
		3D5768F51A11380200DC8688 /* LaunchScreen.xib */ = {
			isa = PBXVariantGroup;
			children = (
				3D5768F61A11380200DC8688 /* Base */,
			);
			name = LaunchScreen.xib;
			sourceTree = "<group>";
		};
/* End PBXVariantGroup section */

/* Begin XCBuildConfiguration section */
		3D5769041A11380200DC8688 /* Debug */ = {
			isa = XCBuildConfiguration;
			buildSettings = {
				ALWAYS_SEARCH_USER_PATHS = NO;
				CLANG_CXX_LANGUAGE_STANDARD = "gnu++0x";
				CLANG_CXX_LIBRARY = "libc++";
				CLANG_ENABLE_MODULES = YES;
				CLANG_ENABLE_OBJC_ARC = YES;
				CLANG_WARN_BOOL_CONVERSION = YES;
				CLANG_WARN_CONSTANT_CONVERSION = YES;
				CLANG_WARN_DIRECT_OBJC_ISA_USAGE = YES_ERROR;
				CLANG_WARN_EMPTY_BODY = YES;
				CLANG_WARN_ENUM_CONVERSION = YES;
				CLANG_WARN_INT_CONVERSION = YES;
				CLANG_WARN_OBJC_ROOT_CLASS = YES_ERROR;
				CLANG_WARN_UNREACHABLE_CODE = YES;
				CLANG_WARN__DUPLICATE_METHOD_MATCH = YES;
				"CODE_SIGN_IDENTITY[sdk=iphoneos*]" = "iPhone Developer";
				COPY_PHASE_STRIP = NO;
				ENABLE_STRICT_OBJC_MSGSEND = YES;
				GCC_C_LANGUAGE_STANDARD = gnu99;
				GCC_DYNAMIC_NO_PIC = NO;
				GCC_OPTIMIZATION_LEVEL = 0;
				GCC_PREPROCESSOR_DEFINITIONS = (
					"DEBUG=1",
					"$(inherited)",
				);
				GCC_SYMBOLS_PRIVATE_EXTERN = NO;
				GCC_WARN_64_TO_32_BIT_CONVERSION = YES;
				GCC_WARN_ABOUT_RETURN_TYPE = YES_ERROR;
				GCC_WARN_UNDECLARED_SELECTOR = YES;
				GCC_WARN_UNINITIALIZED_AUTOS = YES_AGGRESSIVE;
				GCC_WARN_UNUSED_FUNCTION = YES;
				GCC_WARN_UNUSED_VARIABLE = YES;
				IPHONEOS_DEPLOYMENT_TARGET = 8.1;
				MTL_ENABLE_DEBUG_INFO = YES;
				ONLY_ACTIVE_ARCH = YES;
				SDKROOT = iphoneos;
				SWIFT_OPTIMIZATION_LEVEL = "-Onone";
				TARGETED_DEVICE_FAMILY = "1,2";
			};
			name = Debug;
		};
		3D5769051A11380200DC8688 /* Release */ = {
			isa = XCBuildConfiguration;
			buildSettings = {
				ALWAYS_SEARCH_USER_PATHS = NO;
				CLANG_CXX_LANGUAGE_STANDARD = "gnu++0x";
				CLANG_CXX_LIBRARY = "libc++";
				CLANG_ENABLE_MODULES = YES;
				CLANG_ENABLE_OBJC_ARC = YES;
				CLANG_WARN_BOOL_CONVERSION = YES;
				CLANG_WARN_CONSTANT_CONVERSION = YES;
				CLANG_WARN_DIRECT_OBJC_ISA_USAGE = YES_ERROR;
				CLANG_WARN_EMPTY_BODY = YES;
				CLANG_WARN_ENUM_CONVERSION = YES;
				CLANG_WARN_INT_CONVERSION = YES;
				CLANG_WARN_OBJC_ROOT_CLASS = YES_ERROR;
				CLANG_WARN_UNREACHABLE_CODE = YES;
				CLANG_WARN__DUPLICATE_METHOD_MATCH = YES;
				"CODE_SIGN_IDENTITY[sdk=iphoneos*]" = "iPhone Developer";
				COPY_PHASE_STRIP = YES;
				ENABLE_NS_ASSERTIONS = NO;
				ENABLE_STRICT_OBJC_MSGSEND = YES;
				GCC_C_LANGUAGE_STANDARD = gnu99;
				GCC_WARN_64_TO_32_BIT_CONVERSION = YES;
				GCC_WARN_ABOUT_RETURN_TYPE = YES_ERROR;
				GCC_WARN_UNDECLARED_SELECTOR = YES;
				GCC_WARN_UNINITIALIZED_AUTOS = YES_AGGRESSIVE;
				GCC_WARN_UNUSED_FUNCTION = YES;
				GCC_WARN_UNUSED_VARIABLE = YES;
				IPHONEOS_DEPLOYMENT_TARGET = 8.1;
				MTL_ENABLE_DEBUG_INFO = NO;
				SDKROOT = iphoneos;
				TARGETED_DEVICE_FAMILY = "1,2";
				VALIDATE_PRODUCT = YES;
			};
			name = Release;
		};
		3D5769071A11380200DC8688 /* Debug */ = {
			isa = XCBuildConfiguration;
			buildSettings = {
				ASSETCATALOG_COMPILER_APPICON_NAME = AppIcon;
				INFOPLIST_FILE = Postcard/Info.plist;
				LD_RUNPATH_SEARCH_PATHS = "$(inherited) @executable_path/Frameworks";
				PRODUCT_NAME = "$(TARGET_NAME)";
			};
			name = Debug;
		};
		3D5769081A11380200DC8688 /* Release */ = {
			isa = XCBuildConfiguration;
			buildSettings = {
				ASSETCATALOG_COMPILER_APPICON_NAME = AppIcon;
				INFOPLIST_FILE = Postcard/Info.plist;
				LD_RUNPATH_SEARCH_PATHS = "$(inherited) @executable_path/Frameworks";
				PRODUCT_NAME = "$(TARGET_NAME)";
			};
			name = Release;
		};
		3D57690A1A11380200DC8688 /* Debug */ = {
			isa = XCBuildConfiguration;
			buildSettings = {
				BUNDLE_LOADER = "$(TEST_HOST)";
				FRAMEWORK_SEARCH_PATHS = (
					"$(SDKROOT)/Developer/Library/Frameworks",
					"$(inherited)",
				);
				GCC_PREPROCESSOR_DEFINITIONS = (
					"DEBUG=1",
					"$(inherited)",
				);
				INFOPLIST_FILE = PostcardTests/Info.plist;
				LD_RUNPATH_SEARCH_PATHS = "$(inherited) @executable_path/Frameworks @loader_path/Frameworks";
				PRODUCT_NAME = "$(TARGET_NAME)";
				TEST_HOST = "$(BUILT_PRODUCTS_DIR)/Postcard.app/Postcard";
			};
			name = Debug;
		};
		3D57690B1A11380200DC8688 /* Release */ = {
			isa = XCBuildConfiguration;
			buildSettings = {
				BUNDLE_LOADER = "$(TEST_HOST)";
				FRAMEWORK_SEARCH_PATHS = (
					"$(SDKROOT)/Developer/Library/Frameworks",
					"$(inherited)",
				);
				INFOPLIST_FILE = PostcardTests/Info.plist;
				LD_RUNPATH_SEARCH_PATHS = "$(inherited) @executable_path/Frameworks @loader_path/Frameworks";
				PRODUCT_NAME = "$(TARGET_NAME)";
				TEST_HOST = "$(BUILT_PRODUCTS_DIR)/Postcard.app/Postcard";
			};
			name = Release;
		};
/* End XCBuildConfiguration section */

/* Begin XCConfigurationList section */
		3D5768E21A11380200DC8688 /* Build configuration list for PBXProject "Postcard" */ = {
			isa = XCConfigurationList;
			buildConfigurations = (
				3D5769041A11380200DC8688 /* Debug */,
				3D5769051A11380200DC8688 /* Release */,
			);
			defaultConfigurationIsVisible = 0;
			defaultConfigurationName = Release;
		};
		3D5769061A11380200DC8688 /* Build configuration list for PBXNativeTarget "Postcard" */ = {
			isa = XCConfigurationList;
			buildConfigurations = (
				3D5769071A11380200DC8688 /* Debug */,
				3D5769081A11380200DC8688 /* Release */,
			);
			defaultConfigurationIsVisible = 0;
		};
		3D5769091A11380200DC8688 /* Build configuration list for PBXNativeTarget "PostcardTests" */ = {
			isa = XCConfigurationList;
			buildConfigurations = (
				3D57690A1A11380200DC8688 /* Debug */,
				3D57690B1A11380200DC8688 /* Release */,
			);
			defaultConfigurationIsVisible = 0;
		};
/* End XCConfigurationList section */
	};
	rootObject = 3D5768DF1A11380200DC8688 /* Project object */;
}
